
Microsoft Visual Studio Solution File, Format Version 12.00
# Visual Studio Version 17
VisualStudioVersion = 17.0.31903.59
MinimumVisualStudioVersion = 10.0.40219.1
Project("{FAE04EC0-301F-11D3-BF4B-00C04F79EFBC}") = "NLogWait", "NLogWait\NLogWait.csproj", "{5FA933D0-602C-4C18-8FE9-613917806F72}"
EndProject
Global
	GlobalSection(SolutionConfigurationPlatforms) = preSolution
		Debug|Any CPU = Debug|Any CPU
		Release|Any CPU = Release|Any CPU
	EndGlobalSection
	GlobalSection(ProjectConfigurationPlatforms) = postSolution
		{5FA933D0-602C-4C18-8FE9-613917806F72}.Debug|Any CPU.ActiveCfg = Debug|Any CPU
		{5FA933D0-602C-4C18-8FE9-613917806F72}.Debug|Any CPU.Build.0 = Debug|Any CPU
		{5FA933D0-602C-4C18-8FE9-613917806F72}.Release|Any CPU.ActiveCfg = Release|Any CPU
		{5FA933D0-602C-4C18-8FE9-613917806F72}.Release|Any CPU.Build.0 = Release|Any CPU
	EndGlobalSection
	GlobalSection(SolutionProperties) = preSolution
		HideSolutionNode = FALSE
	EndGlobalSection
	GlobalSection(ExtensibilityGlobals) = postSolution
		SolutionGuid = {98E1DF10-F36A-405D-87B5-F0D1208EE3E4}
	EndGlobalSection
EndGlobal
